// !$*UTF8*$!
{
	archiveVersion = 1;
	classes = {
	};
	objectVersion = 46;
	objects = {

/* Begin PBXBuildFile section */
		0D38989F1F2662F200F0CDBB /* GenerateQRCodeViewController.swift in Sources */ = {isa = PBXBuildFile; fileRef = 0D38989E1F2662F200F0CDBB /* GenerateQRCodeViewController.swift */; };
		0D3898A21F26666800F0CDBB /* Barcode.swift in Sources */ = {isa = PBXBuildFile; fileRef = 0D3898A11F26666800F0CDBB /* Barcode.swift */; };
		0D3898A71F26941900F0CDBB /* QRToTextViewController.swift in Sources */ = {isa = PBXBuildFile; fileRef = 0D3898A61F26941900F0CDBB /* QRToTextViewController.swift */; };
		0D3898AA1F26956200F0CDBB /* MGPhotoHelper.swift in Sources */ = {isa = PBXBuildFile; fileRef = 0D3898A91F26956200F0CDBB /* MGPhotoHelper.swift */; };
		0D3898AC1F269B8700F0CDBB /* TranslateToTextViewController.swift in Sources */ = {isa = PBXBuildFile; fileRef = 0D3898AB1F269B8700F0CDBB /* TranslateToTextViewController.swift */; };
		0D3898AE1F27A32700F0CDBB /* TextScannerViewController.swift in Sources */ = {isa = PBXBuildFile; fileRef = 0D3898AD1F27A32700F0CDBB /* TextScannerViewController.swift */; };
		0D3898B01F27ACBA00F0CDBB /* ScannedTextViewController.swift in Sources */ = {isa = PBXBuildFile; fileRef = 0D3898AF1F27ACBA00F0CDBB /* ScannedTextViewController.swift */; };
		0D3898B21F27B5DB00F0CDBB /* GoogleService-Info.plist in Resources */ = {isa = PBXBuildFile; fileRef = 0D3898B11F27B5DB00F0CDBB /* GoogleService-Info.plist */; };
		0D3898B41F27B71B00F0CDBB /* LoginViewController.swift in Sources */ = {isa = PBXBuildFile; fileRef = 0D3898B31F27B71B00F0CDBB /* LoginViewController.swift */; };
		0D3898B61F27DF5100F0CDBB /* User.swift in Sources */ = {isa = PBXBuildFile; fileRef = 0D3898B51F27DF5100F0CDBB /* User.swift */; };
		0D3898BA1F27E54200F0CDBB /* CreateUsernameViewController.swift in Sources */ = {isa = PBXBuildFile; fileRef = 0D3898B91F27E54200F0CDBB /* CreateUsernameViewController.swift */; };
		0D3898BF1F27FCC300F0CDBB /* UserService.swift in Sources */ = {isa = PBXBuildFile; fileRef = 0D3898BE1F27FCC300F0CDBB /* UserService.swift */; };
		0D3898CA1F2804D400F0CDBB /* ChatListViewController.swift in Sources */ = {isa = PBXBuildFile; fileRef = 0D3898C91F2804D400F0CDBB /* ChatListViewController.swift */; };
		0D38E7A51F30FC28005002D0 /* FriendsViewController.swift in Sources */ = {isa = PBXBuildFile; fileRef = 0D38E7A41F30FC28005002D0 /* FriendsViewController.swift */; };
		0D38E7A71F30FCE1005002D0 /* FriendCell.swift in Sources */ = {isa = PBXBuildFile; fileRef = 0D38E7A61F30FCE1005002D0 /* FriendCell.swift */; };
		0D7FE5671F3CC7F90021E1BE /* OptionsViewController.swift in Sources */ = {isa = PBXBuildFile; fileRef = 0D7FE5661F3CC7F90021E1BE /* OptionsViewController.swift */; };
		0D81139B1F215124008E01A9 /* AppDelegate.swift in Sources */ = {isa = PBXBuildFile; fileRef = 0D81139A1F215124008E01A9 /* AppDelegate.swift */; };
		0D81139D1F215124008E01A9 /* ViewController.swift in Sources */ = {isa = PBXBuildFile; fileRef = 0D81139C1F215124008E01A9 /* ViewController.swift */; };
		0D8113A01F215124008E01A9 /* Main.storyboard in Resources */ = {isa = PBXBuildFile; fileRef = 0D81139E1F215124008E01A9 /* Main.storyboard */; };
		0D8113A21F215124008E01A9 /* Assets.xcassets in Resources */ = {isa = PBXBuildFile; fileRef = 0D8113A11F215124008E01A9 /* Assets.xcassets */; };
		0D8113A51F215124008E01A9 /* LaunchScreen.storyboard in Resources */ = {isa = PBXBuildFile; fileRef = 0D8113A31F215124008E01A9 /* LaunchScreen.storyboard */; };
		0D8113B01F215124008E01A9 /* AnchorTests.swift in Sources */ = {isa = PBXBuildFile; fileRef = 0D8113AF1F215124008E01A9 /* AnchorTests.swift */; };
		0D8113BB1F215124008E01A9 /* AnchorUITests.swift in Sources */ = {isa = PBXBuildFile; fileRef = 0D8113BA1F215124008E01A9 /* AnchorUITests.swift */; };
		0D8113CC1F215CDC008E01A9 /* ScannerCamera.swift in Sources */ = {isa = PBXBuildFile; fileRef = 0D8113CB1F215CDC008E01A9 /* ScannerCamera.swift */; };
		0D8113D01F22748E008E01A9 /* SafariViewController.swift in Sources */ = {isa = PBXBuildFile; fileRef = 0D8113CF1F22748E008E01A9 /* SafariViewController.swift */; };
		0DA0B1201F38E0C500E0B119 /* Date+ConvertToString.swift in Sources */ = {isa = PBXBuildFile; fileRef = 0DA0B11F1F38E0C500E0B119 /* Date+ConvertToString.swift */; };
		0DB27D7B1F32849200440BE9 /* FirebaseHelper.swift in Sources */ = {isa = PBXBuildFile; fileRef = 0DB27D7A1F32849200440BE9 /* FirebaseHelper.swift */; };
		0DB27D7D1F3383F400440BE9 /* ProfileViewController.swift in Sources */ = {isa = PBXBuildFile; fileRef = 0DB27D7C1F3383F400440BE9 /* ProfileViewController.swift */; };
		0DB27D7F1F338A2E00440BE9 /* PhotoMessage.swift in Sources */ = {isa = PBXBuildFile; fileRef = 0DB27D7E1F338A2E00440BE9 /* PhotoMessage.swift */; };
		0DD021171F28FE1F00920F19 /* ChatListViewCell.swift in Sources */ = {isa = PBXBuildFile; fileRef = 0DD021161F28FE1F00920F19 /* ChatListViewCell.swift */; };
		0DD0211A1F29012A00920F19 /* Storyboard+Utility.swift in Sources */ = {isa = PBXBuildFile; fileRef = 0DD021191F29012A00920F19 /* Storyboard+Utility.swift */; };
		0DD0211D1F2902C400920F19 /* Constants.swift in Sources */ = {isa = PBXBuildFile; fileRef = 0DD0211C1F2902C400920F19 /* Constants.swift */; };
		0DD0211F1F2914D800920F19 /* Login.storyboard in Resources */ = {isa = PBXBuildFile; fileRef = 0DD0211E1F2914D800920F19 /* Login.storyboard */; };
		0DD021231F2936F100920F19 /* Chat.swift in Sources */ = {isa = PBXBuildFile; fileRef = 0DD021221F2936F100920F19 /* Chat.swift */; };
		0DD021251F29375700920F19 /* Messages.swift in Sources */ = {isa = PBXBuildFile; fileRef = 0DD021241F29375700920F19 /* Messages.swift */; };
		0DD021271F29389300920F19 /* ChatService.swift in Sources */ = {isa = PBXBuildFile; fileRef = 0DD021261F29389300920F19 /* ChatService.swift */; };
		0DD021291F29534D00920F19 /* Chat.storyboard in Resources */ = {isa = PBXBuildFile; fileRef = 0DD021281F29534D00920F19 /* Chat.storyboard */; };
		0DD0212B1F29586800920F19 /* NewMessageViewController.swift in Sources */ = {isa = PBXBuildFile; fileRef = 0DD0212A1F29586800920F19 /* NewMessageViewController.swift */; };
		0DD0212D1F2959D900920F19 /* NewChatUserCell.swift in Sources */ = {isa = PBXBuildFile; fileRef = 0DD0212C1F2959D900920F19 /* NewChatUserCell.swift */; };
		0DD0212F1F2A52C300920F19 /* ChatViewController.swift in Sources */ = {isa = PBXBuildFile; fileRef = 0DD0212E1F2A52C300920F19 /* ChatViewController.swift */; };
		0DD021311F2A5B6F00920F19 /* FriendService.swift in Sources */ = {isa = PBXBuildFile; fileRef = 0DD021301F2A5B6F00920F19 /* FriendService.swift */; };
		0DD021331F2A5D5800920F19 /* FindFriendsViewController.swift in Sources */ = {isa = PBXBuildFile; fileRef = 0DD021321F2A5D5800920F19 /* FindFriendsViewController.swift */; };
		0DD021351F2A6C8700920F19 /* FindFriendsCell.swift in Sources */ = {isa = PBXBuildFile; fileRef = 0DD021341F2A6C8700920F19 /* FindFriendsCell.swift */; };
		0DD308DA1F34B62100BE4474 /* ProfileHeaderCell.swift in Sources */ = {isa = PBXBuildFile; fileRef = 0DD308D91F34B62100BE4474 /* ProfileHeaderCell.swift */; };
		0DD47DEE1F50FA4C00943104 /* ScanTextViewController.swift in Sources */ = {isa = PBXBuildFile; fileRef = 0DD47DED1F50FA4C00943104 /* ScanTextViewController.swift */; };
		1172C777246CC71A18EFE5E9 /* Pods_AnchorTests.framework in Frameworks */ = {isa = PBXBuildFile; fileRef = DC59B9A0428265CD3C3FE571 /* Pods_AnchorTests.framework */; };
		1A7F9C91C882BE1E2E152CEB /* Pods_Anchor.framework in Frameworks */ = {isa = PBXBuildFile; fileRef = 8989ABD392BD56A9F5C4FEB1 /* Pods_Anchor.framework */; };
		5D5E950373C627DC356F4DC3 /* Pods_AnchorUITests.framework in Frameworks */ = {isa = PBXBuildFile; fileRef = 5FFA53D190D4E49FD0900635 /* Pods_AnchorUITests.framework */; };
/* End PBXBuildFile section */

/* Begin PBXContainerItemProxy section */
		0D8113AC1F215124008E01A9 /* PBXContainerItemProxy */ = {
			isa = PBXContainerItemProxy;
			containerPortal = 0D81138F1F215124008E01A9 /* Project object */;
			proxyType = 1;
			remoteGlobalIDString = 0D8113961F215124008E01A9;
			remoteInfo = Anchor;
		};
		0D8113B71F215124008E01A9 /* PBXContainerItemProxy */ = {
			isa = PBXContainerItemProxy;
			containerPortal = 0D81138F1F215124008E01A9 /* Project object */;
			proxyType = 1;
			remoteGlobalIDString = 0D8113961F215124008E01A9;
			remoteInfo = Anchor;
		};
/* End PBXContainerItemProxy section */

/* Begin PBXFileReference section */
		0D38989E1F2662F200F0CDBB /* GenerateQRCodeViewController.swift */ = {isa = PBXFileReference; fileEncoding = 4; lastKnownFileType = sourcecode.swift; name = GenerateQRCodeViewController.swift; path = ViewControllers/GenerateQRCodeViewController.swift; sourceTree = "<group>"; };
		0D3898A11F26666800F0CDBB /* Barcode.swift */ = {isa = PBXFileReference; fileEncoding = 4; lastKnownFileType = sourcecode.swift; name = Barcode.swift; path = "untitled folder/Barcode.swift"; sourceTree = "<group>"; };
		0D3898A31F26682200F0CDBB /* MTBBarcodeScanner-Bridging-Header.h */ = {isa = PBXFileReference; lastKnownFileType = sourcecode.c.h; path = "MTBBarcodeScanner-Bridging-Header.h"; sourceTree = "<group>"; };
		0D3898A61F26941900F0CDBB /* QRToTextViewController.swift */ = {isa = PBXFileReference; fileEncoding = 4; lastKnownFileType = sourcecode.swift; name = QRToTextViewController.swift; path = ViewControllers/QRToTextViewController.swift; sourceTree = "<group>"; };
		0D3898A91F26956200F0CDBB /* MGPhotoHelper.swift */ = {isa = PBXFileReference; fileEncoding = 4; lastKnownFileType = sourcecode.swift; name = MGPhotoHelper.swift; path = Helpers/MGPhotoHelper.swift; sourceTree = "<group>"; };
		0D3898AB1F269B8700F0CDBB /* TranslateToTextViewController.swift */ = {isa = PBXFileReference; fileEncoding = 4; lastKnownFileType = sourcecode.swift; name = TranslateToTextViewController.swift; path = ViewControllers/TranslateToTextViewController.swift; sourceTree = "<group>"; };
		0D3898AD1F27A32700F0CDBB /* TextScannerViewController.swift */ = {isa = PBXFileReference; fileEncoding = 4; lastKnownFileType = sourcecode.swift; name = TextScannerViewController.swift; path = ViewControllers/TextScannerViewController.swift; sourceTree = "<group>"; };
		0D3898AF1F27ACBA00F0CDBB /* ScannedTextViewController.swift */ = {isa = PBXFileReference; fileEncoding = 4; lastKnownFileType = sourcecode.swift; name = ScannedTextViewController.swift; path = ViewControllers/ScannedTextViewController.swift; sourceTree = "<group>"; };
		0D3898B11F27B5DB00F0CDBB /* GoogleService-Info.plist */ = {isa = PBXFileReference; fileEncoding = 4; lastKnownFileType = text.plist.xml; path = "GoogleService-Info.plist"; sourceTree = "<group>"; };
		0D3898B31F27B71B00F0CDBB /* LoginViewController.swift */ = {isa = PBXFileReference; fileEncoding = 4; lastKnownFileType = sourcecode.swift; name = LoginViewController.swift; path = ViewControllers/LoginViewController.swift; sourceTree = "<group>"; };
		0D3898B51F27DF5100F0CDBB /* User.swift */ = {isa = PBXFileReference; fileEncoding = 4; lastKnownFileType = sourcecode.swift; name = User.swift; path = Models/User.swift; sourceTree = "<group>"; };
		0D3898B91F27E54200F0CDBB /* CreateUsernameViewController.swift */ = {isa = PBXFileReference; fileEncoding = 4; lastKnownFileType = sourcecode.swift; name = CreateUsernameViewController.swift; path = ViewControllers/CreateUsernameViewController.swift; sourceTree = "<group>"; };
		0D3898BE1F27FCC300F0CDBB /* UserService.swift */ = {isa = PBXFileReference; fileEncoding = 4; lastKnownFileType = sourcecode.swift; name = UserService.swift; path = Services/UserService.swift; sourceTree = "<group>"; };
		0D3898C91F2804D400F0CDBB /* ChatListViewController.swift */ = {isa = PBXFileReference; fileEncoding = 4; lastKnownFileType = sourcecode.swift; name = ChatListViewController.swift; path = ViewControllers/ChatListViewController.swift; sourceTree = "<group>"; };
		0D38E7A41F30FC28005002D0 /* FriendsViewController.swift */ = {isa = PBXFileReference; fileEncoding = 4; lastKnownFileType = sourcecode.swift; name = FriendsViewController.swift; path = ViewControllers/FriendsViewController.swift; sourceTree = "<group>"; };
		0D38E7A61F30FCE1005002D0 /* FriendCell.swift */ = {isa = PBXFileReference; fileEncoding = 4; lastKnownFileType = sourcecode.swift; name = FriendCell.swift; path = Views/FriendCell.swift; sourceTree = "<group>"; };
		0D7FE5661F3CC7F90021E1BE /* OptionsViewController.swift */ = {isa = PBXFileReference; fileEncoding = 4; lastKnownFileType = sourcecode.swift; name = OptionsViewController.swift; path = ViewControllers/OptionsViewController.swift; sourceTree = "<group>"; };
		0D8113971F215124008E01A9 /* Anchor.app */ = {isa = PBXFileReference; explicitFileType = wrapper.application; includeInIndex = 0; path = Anchor.app; sourceTree = BUILT_PRODUCTS_DIR; };
		0D81139A1F215124008E01A9 /* AppDelegate.swift */ = {isa = PBXFileReference; lastKnownFileType = sourcecode.swift; path = AppDelegate.swift; sourceTree = "<group>"; };
		0D81139C1F215124008E01A9 /* ViewController.swift */ = {isa = PBXFileReference; lastKnownFileType = sourcecode.swift; path = ViewController.swift; sourceTree = "<group>"; };
		0D81139F1F215124008E01A9 /* Base */ = {isa = PBXFileReference; lastKnownFileType = file.storyboard; name = Base; path = Base.lproj/Main.storyboard; sourceTree = "<group>"; };
		0D8113A11F215124008E01A9 /* Assets.xcassets */ = {isa = PBXFileReference; lastKnownFileType = folder.assetcatalog; path = Assets.xcassets; sourceTree = "<group>"; };
		0D8113A41F215124008E01A9 /* Base */ = {isa = PBXFileReference; lastKnownFileType = file.storyboard; name = Base; path = Base.lproj/LaunchScreen.storyboard; sourceTree = "<group>"; };
		0D8113A61F215124008E01A9 /* Info.plist */ = {isa = PBXFileReference; lastKnownFileType = text.plist.xml; path = Info.plist; sourceTree = "<group>"; };
		0D8113AB1F215124008E01A9 /* AnchorTests.xctest */ = {isa = PBXFileReference; explicitFileType = wrapper.cfbundle; includeInIndex = 0; path = AnchorTests.xctest; sourceTree = BUILT_PRODUCTS_DIR; };
		0D8113AF1F215124008E01A9 /* AnchorTests.swift */ = {isa = PBXFileReference; lastKnownFileType = sourcecode.swift; path = AnchorTests.swift; sourceTree = "<group>"; };
		0D8113B11F215124008E01A9 /* Info.plist */ = {isa = PBXFileReference; lastKnownFileType = text.plist.xml; path = Info.plist; sourceTree = "<group>"; };
		0D8113B61F215124008E01A9 /* AnchorUITests.xctest */ = {isa = PBXFileReference; explicitFileType = wrapper.cfbundle; includeInIndex = 0; path = AnchorUITests.xctest; sourceTree = BUILT_PRODUCTS_DIR; };
		0D8113BA1F215124008E01A9 /* AnchorUITests.swift */ = {isa = PBXFileReference; lastKnownFileType = sourcecode.swift; path = AnchorUITests.swift; sourceTree = "<group>"; };
		0D8113BC1F215124008E01A9 /* Info.plist */ = {isa = PBXFileReference; lastKnownFileType = text.plist.xml; path = Info.plist; sourceTree = "<group>"; };
		0D8113CB1F215CDC008E01A9 /* ScannerCamera.swift */ = {isa = PBXFileReference; fileEncoding = 4; lastKnownFileType = sourcecode.swift; name = ScannerCamera.swift; path = ViewControllers/ScannerCamera.swift; sourceTree = "<group>"; };
		0D8113CF1F22748E008E01A9 /* SafariViewController.swift */ = {isa = PBXFileReference; fileEncoding = 4; lastKnownFileType = sourcecode.swift; name = SafariViewController.swift; path = ViewControllers/SafariViewController.swift; sourceTree = "<group>"; };
		0DA0B11F1F38E0C500E0B119 /* Date+ConvertToString.swift */ = {isa = PBXFileReference; fileEncoding = 4; lastKnownFileType = sourcecode.swift; name = "Date+ConvertToString.swift"; path = "Extensions/Date+ConvertToString.swift"; sourceTree = "<group>"; };
		0DB27D7A1F32849200440BE9 /* FirebaseHelper.swift */ = {isa = PBXFileReference; fileEncoding = 4; lastKnownFileType = sourcecode.swift; name = FirebaseHelper.swift; path = Helpers/FirebaseHelper.swift; sourceTree = "<group>"; };
		0DB27D7C1F3383F400440BE9 /* ProfileViewController.swift */ = {isa = PBXFileReference; fileEncoding = 4; lastKnownFileType = sourcecode.swift; name = ProfileViewController.swift; path = ViewControllers/ProfileViewController.swift; sourceTree = "<group>"; };
		0DB27D7E1F338A2E00440BE9 /* PhotoMessage.swift */ = {isa = PBXFileReference; fileEncoding = 4; lastKnownFileType = sourcecode.swift; path = PhotoMessage.swift; sourceTree = "<group>"; };
		0DD021161F28FE1F00920F19 /* ChatListViewCell.swift */ = {isa = PBXFileReference; fileEncoding = 4; lastKnownFileType = sourcecode.swift; name = ChatListViewCell.swift; path = Views/ChatListViewCell.swift; sourceTree = "<group>"; };
		0DD021191F29012A00920F19 /* Storyboard+Utility.swift */ = {isa = PBXFileReference; fileEncoding = 4; lastKnownFileType = sourcecode.swift; name = "Storyboard+Utility.swift"; path = "Supporting/Storyboard+Utility.swift"; sourceTree = "<group>"; };
		0DD0211C1F2902C400920F19 /* Constants.swift */ = {isa = PBXFileReference; fileEncoding = 4; lastKnownFileType = sourcecode.swift; name = Constants.swift; path = Supporting/Constants.swift; sourceTree = "<group>"; };
		0DD0211E1F2914D800920F19 /* Login.storyboard */ = {isa = PBXFileReference; fileEncoding = 4; lastKnownFileType = file.storyboard; name = Login.storyboard; path = Storyboards/Login.storyboard; sourceTree = "<group>"; };
		0DD021221F2936F100920F19 /* Chat.swift */ = {isa = PBXFileReference; fileEncoding = 4; lastKnownFileType = sourcecode.swift; name = Chat.swift; path = Models/Chat.swift; sourceTree = "<group>"; };
		0DD021241F29375700920F19 /* Messages.swift */ = {isa = PBXFileReference; fileEncoding = 4; lastKnownFileType = sourcecode.swift; name = Messages.swift; path = Models/Messages.swift; sourceTree = "<group>"; };
		0DD021261F29389300920F19 /* ChatService.swift */ = {isa = PBXFileReference; fileEncoding = 4; lastKnownFileType = sourcecode.swift; name = ChatService.swift; path = Services/ChatService.swift; sourceTree = "<group>"; };
		0DD021281F29534D00920F19 /* Chat.storyboard */ = {isa = PBXFileReference; fileEncoding = 4; lastKnownFileType = file.storyboard; name = Chat.storyboard; path = Storyboards/Chat.storyboard; sourceTree = "<group>"; };
		0DD0212A1F29586800920F19 /* NewMessageViewController.swift */ = {isa = PBXFileReference; fileEncoding = 4; lastKnownFileType = sourcecode.swift; name = NewMessageViewController.swift; path = ViewControllers/NewMessageViewController.swift; sourceTree = "<group>"; };
		0DD0212C1F2959D900920F19 /* NewChatUserCell.swift */ = {isa = PBXFileReference; fileEncoding = 4; lastKnownFileType = sourcecode.swift; name = NewChatUserCell.swift; path = Views/NewChatUserCell.swift; sourceTree = "<group>"; };
		0DD0212E1F2A52C300920F19 /* ChatViewController.swift */ = {isa = PBXFileReference; fileEncoding = 4; lastKnownFileType = sourcecode.swift; name = ChatViewController.swift; path = ViewControllers/ChatViewController.swift; sourceTree = "<group>"; };
		0DD021301F2A5B6F00920F19 /* FriendService.swift */ = {isa = PBXFileReference; fileEncoding = 4; lastKnownFileType = sourcecode.swift; name = FriendService.swift; path = Services/FriendService.swift; sourceTree = "<group>"; };
		0DD021321F2A5D5800920F19 /* FindFriendsViewController.swift */ = {isa = PBXFileReference; fileEncoding = 4; lastKnownFileType = sourcecode.swift; name = FindFriendsViewController.swift; path = ViewControllers/FindFriendsViewController.swift; sourceTree = "<group>"; };
		0DD021341F2A6C8700920F19 /* FindFriendsCell.swift */ = {isa = PBXFileReference; fileEncoding = 4; lastKnownFileType = sourcecode.swift; name = FindFriendsCell.swift; path = Views/FindFriendsCell.swift; sourceTree = "<group>"; };
		0DD308D91F34B62100BE4474 /* ProfileHeaderCell.swift */ = {isa = PBXFileReference; fileEncoding = 4; lastKnownFileType = sourcecode.swift; name = ProfileHeaderCell.swift; path = Views/ProfileHeaderCell.swift; sourceTree = "<group>"; };
		0DD47DED1F50FA4C00943104 /* ScanTextViewController.swift */ = {isa = PBXFileReference; fileEncoding = 4; lastKnownFileType = sourcecode.swift; name = ScanTextViewController.swift; path = ViewControllers/ScanTextViewController.swift; sourceTree = "<group>"; };
		20C7D3EB921B519DA278821B /* Pods-AnchorUITests.release.xcconfig */ = {isa = PBXFileReference; includeInIndex = 1; lastKnownFileType = text.xcconfig; name = "Pods-AnchorUITests.release.xcconfig"; path = "Pods/Target Support Files/Pods-AnchorUITests/Pods-AnchorUITests.release.xcconfig"; sourceTree = "<group>"; };
		3154B53D8B399964B775642B /* Pods-Anchor.release.xcconfig */ = {isa = PBXFileReference; includeInIndex = 1; lastKnownFileType = text.xcconfig; name = "Pods-Anchor.release.xcconfig"; path = "Pods/Target Support Files/Pods-Anchor/Pods-Anchor.release.xcconfig"; sourceTree = "<group>"; };
		5FFA53D190D4E49FD0900635 /* Pods_AnchorUITests.framework */ = {isa = PBXFileReference; explicitFileType = wrapper.framework; includeInIndex = 0; path = Pods_AnchorUITests.framework; sourceTree = BUILT_PRODUCTS_DIR; };
		8989ABD392BD56A9F5C4FEB1 /* Pods_Anchor.framework */ = {isa = PBXFileReference; explicitFileType = wrapper.framework; includeInIndex = 0; path = Pods_Anchor.framework; sourceTree = BUILT_PRODUCTS_DIR; };
		9C1DC73FFE182F76032568D8 /* Pods-AnchorTests.release.xcconfig */ = {isa = PBXFileReference; includeInIndex = 1; lastKnownFileType = text.xcconfig; name = "Pods-AnchorTests.release.xcconfig"; path = "Pods/Target Support Files/Pods-AnchorTests/Pods-AnchorTests.release.xcconfig"; sourceTree = "<group>"; };
		9D6CDFCE94560B593C227048 /* Pods-AnchorUITests.debug.xcconfig */ = {isa = PBXFileReference; includeInIndex = 1; lastKnownFileType = text.xcconfig; name = "Pods-AnchorUITests.debug.xcconfig"; path = "Pods/Target Support Files/Pods-AnchorUITests/Pods-AnchorUITests.debug.xcconfig"; sourceTree = "<group>"; };
		AE6BD457B41B8B235A81AF27 /* Pods-AnchorTests.debug.xcconfig */ = {isa = PBXFileReference; includeInIndex = 1; lastKnownFileType = text.xcconfig; name = "Pods-AnchorTests.debug.xcconfig"; path = "Pods/Target Support Files/Pods-AnchorTests/Pods-AnchorTests.debug.xcconfig"; sourceTree = "<group>"; };
		B6C3FE13D0A29120AF095086 /* Pods-Anchor.debug.xcconfig */ = {isa = PBXFileReference; includeInIndex = 1; lastKnownFileType = text.xcconfig; name = "Pods-Anchor.debug.xcconfig"; path = "Pods/Target Support Files/Pods-Anchor/Pods-Anchor.debug.xcconfig"; sourceTree = "<group>"; };
		DC59B9A0428265CD3C3FE571 /* Pods_AnchorTests.framework */ = {isa = PBXFileReference; explicitFileType = wrapper.framework; includeInIndex = 0; path = Pods_AnchorTests.framework; sourceTree = BUILT_PRODUCTS_DIR; };
/* End PBXFileReference section */

/* Begin PBXFrameworksBuildPhase section */
		0D8113941F215124008E01A9 /* Frameworks */ = {
			isa = PBXFrameworksBuildPhase;
			buildActionMask = 2147483647;
			files = (
				1A7F9C91C882BE1E2E152CEB /* Pods_Anchor.framework in Frameworks */,
			);
			runOnlyForDeploymentPostprocessing = 0;
		};
		0D8113A81F215124008E01A9 /* Frameworks */ = {
			isa = PBXFrameworksBuildPhase;
			buildActionMask = 2147483647;
			files = (
				1172C777246CC71A18EFE5E9 /* Pods_AnchorTests.framework in Frameworks */,
			);
			runOnlyForDeploymentPostprocessing = 0;
		};
		0D8113B31F215124008E01A9 /* Frameworks */ = {
			isa = PBXFrameworksBuildPhase;
			buildActionMask = 2147483647;
			files = (
				5D5E950373C627DC356F4DC3 /* Pods_AnchorUITests.framework in Frameworks */,
			);
			runOnlyForDeploymentPostprocessing = 0;
		};
/* End PBXFrameworksBuildPhase section */

/* Begin PBXGroup section */
		0D3898A01F26663C00F0CDBB /* Models */ = {
			isa = PBXGroup;
			children = (
				0D3898A11F26666800F0CDBB /* Barcode.swift */,
				0D3898B51F27DF5100F0CDBB /* User.swift */,
				0DD021221F2936F100920F19 /* Chat.swift */,
				0DD021241F29375700920F19 /* Messages.swift */,
				0DB27D7E1F338A2E00440BE9 /* PhotoMessage.swift */,
			);
			name = Models;
			sourceTree = "<group>";
		};
		0D3898A81F26952F00F0CDBB /* Helpers */ = {
			isa = PBXGroup;
			children = (
				0D3898A91F26956200F0CDBB /* MGPhotoHelper.swift */,
				0DB27D7A1F32849200440BE9 /* FirebaseHelper.swift */,
			);
			name = Helpers;
			sourceTree = "<group>";
		};
		0D3898BB1F27FC8D00F0CDBB /* Services */ = {
			isa = PBXGroup;
			children = (
				0D3898BE1F27FCC300F0CDBB /* UserService.swift */,
				0DD021261F29389300920F19 /* ChatService.swift */,
				0DD021301F2A5B6F00920F19 /* FriendService.swift */,
			);
			name = Services;
			sourceTree = "<group>";
		};
		0D81138E1F215124008E01A9 = {
			isa = PBXGroup;
			children = (
				0D8113991F215124008E01A9 /* Anchor */,
				0D8113AE1F215124008E01A9 /* AnchorTests */,
				0D8113B91F215124008E01A9 /* AnchorUITests */,
				0D8113981F215124008E01A9 /* Products */,
				D88110ECAB837151B3F051D0 /* Pods */,
				22003E30A7C49B5FF9E390C5 /* Frameworks */,
			);
			sourceTree = "<group>";
		};
		0D8113981F215124008E01A9 /* Products */ = {
			isa = PBXGroup;
			children = (
				0D8113971F215124008E01A9 /* Anchor.app */,
				0D8113AB1F215124008E01A9 /* AnchorTests.xctest */,
				0D8113B61F215124008E01A9 /* AnchorUITests.xctest */,
			);
			name = Products;
			sourceTree = "<group>";
		};
		0D8113991F215124008E01A9 /* Anchor */ = {
			isa = PBXGroup;
			children = (
				0DD021151F28FDF000920F19 /* Views */,
				0D3898BB1F27FC8D00F0CDBB /* Services */,
				0D3898A01F26663C00F0CDBB /* Models */,
				0D8113CA1F215CAD008E01A9 /* ViewControllers */,
				0D8113CD1F215CF8008E01A9 /* Storyboards */,
				0DD021181F2900EB00920F19 /* Supporting */,
				0D3898A81F26952F00F0CDBB /* Helpers */,
				0DA0B11E1F38E09800E0B119 /* Extensions */,
				0D8113A11F215124008E01A9 /* Assets.xcassets */,
				0D8113A61F215124008E01A9 /* Info.plist */,
				0D3898B11F27B5DB00F0CDBB /* GoogleService-Info.plist */,
				0D81139A1F215124008E01A9 /* AppDelegate.swift */,
				0D3898A31F26682200F0CDBB /* MTBBarcodeScanner-Bridging-Header.h */,
			);
			path = Anchor;
			sourceTree = "<group>";
		};
		0D8113AE1F215124008E01A9 /* AnchorTests */ = {
			isa = PBXGroup;
			children = (
				0D8113AF1F215124008E01A9 /* AnchorTests.swift */,
				0D8113B11F215124008E01A9 /* Info.plist */,
			);
			path = AnchorTests;
			sourceTree = "<group>";
		};
		0D8113B91F215124008E01A9 /* AnchorUITests */ = {
			isa = PBXGroup;
			children = (
				0D8113BA1F215124008E01A9 /* AnchorUITests.swift */,
				0D8113BC1F215124008E01A9 /* Info.plist */,
			);
			path = AnchorUITests;
			sourceTree = "<group>";
		};
		0D8113CA1F215CAD008E01A9 /* ViewControllers */ = {
			isa = PBXGroup;
			children = (
				0D81139C1F215124008E01A9 /* ViewController.swift */,
				0D7FE5661F3CC7F90021E1BE /* OptionsViewController.swift */,
				0D8113CB1F215CDC008E01A9 /* ScannerCamera.swift */,
				0DD47DED1F50FA4C00943104 /* ScanTextViewController.swift */,
				0D8113CF1F22748E008E01A9 /* SafariViewController.swift */,
				0D38989E1F2662F200F0CDBB /* GenerateQRCodeViewController.swift */,
				0D3898A61F26941900F0CDBB /* QRToTextViewController.swift */,
				0D3898AB1F269B8700F0CDBB /* TranslateToTextViewController.swift */,
				0D3898AD1F27A32700F0CDBB /* TextScannerViewController.swift */,
				0D3898AF1F27ACBA00F0CDBB /* ScannedTextViewController.swift */,
				0D3898B31F27B71B00F0CDBB /* LoginViewController.swift */,
				0D3898B91F27E54200F0CDBB /* CreateUsernameViewController.swift */,
				0D3898C91F2804D400F0CDBB /* ChatListViewController.swift */,
				0DD0212A1F29586800920F19 /* NewMessageViewController.swift */,
				0DD0212E1F2A52C300920F19 /* ChatViewController.swift */,
				0DD021321F2A5D5800920F19 /* FindFriendsViewController.swift */,
				0D38E7A41F30FC28005002D0 /* FriendsViewController.swift */,
				0DB27D7C1F3383F400440BE9 /* ProfileViewController.swift */,
			);
			name = ViewControllers;
			sourceTree = "<group>";
		};
		0D8113CD1F215CF8008E01A9 /* Storyboards */ = {
			isa = PBXGroup;
			children = (
				0D8113A31F215124008E01A9 /* LaunchScreen.storyboard */,
				0D81139E1F215124008E01A9 /* Main.storyboard */,
				0DD021281F29534D00920F19 /* Chat.storyboard */,
				0DD0211E1F2914D800920F19 /* Login.storyboard */,
			);
			name = Storyboards;
			sourceTree = "<group>";
		};
		0DA0B11E1F38E09800E0B119 /* Extensions */ = {
			isa = PBXGroup;
			children = (
				0DA0B11F1F38E0C500E0B119 /* Date+ConvertToString.swift */,
			);
			name = Extensions;
			sourceTree = "<group>";
		};
		0DD021151F28FDF000920F19 /* Views */ = {
			isa = PBXGroup;
			children = (
				0DD021161F28FE1F00920F19 /* ChatListViewCell.swift */,
				0DD308D91F34B62100BE4474 /* ProfileHeaderCell.swift */,
				0D38E7A61F30FCE1005002D0 /* FriendCell.swift */,
				0DD021341F2A6C8700920F19 /* FindFriendsCell.swift */,
				0DD0212C1F2959D900920F19 /* NewChatUserCell.swift */,
			);
			name = Views;
			sourceTree = "<group>";
		};
		0DD021181F2900EB00920F19 /* Supporting */ = {
			isa = PBXGroup;
			children = (
				0DD021191F29012A00920F19 /* Storyboard+Utility.swift */,
				0DD0211C1F2902C400920F19 /* Constants.swift */,
			);
			name = Supporting;
			sourceTree = "<group>";
		};
		22003E30A7C49B5FF9E390C5 /* Frameworks */ = {
			isa = PBXGroup;
			children = (
				8989ABD392BD56A9F5C4FEB1 /* Pods_Anchor.framework */,
				DC59B9A0428265CD3C3FE571 /* Pods_AnchorTests.framework */,
				5FFA53D190D4E49FD0900635 /* Pods_AnchorUITests.framework */,
			);
			name = Frameworks;
			sourceTree = "<group>";
		};
		D88110ECAB837151B3F051D0 /* Pods */ = {
			isa = PBXGroup;
			children = (
				B6C3FE13D0A29120AF095086 /* Pods-Anchor.debug.xcconfig */,
				3154B53D8B399964B775642B /* Pods-Anchor.release.xcconfig */,
				AE6BD457B41B8B235A81AF27 /* Pods-AnchorTests.debug.xcconfig */,
				9C1DC73FFE182F76032568D8 /* Pods-AnchorTests.release.xcconfig */,
				9D6CDFCE94560B593C227048 /* Pods-AnchorUITests.debug.xcconfig */,
				20C7D3EB921B519DA278821B /* Pods-AnchorUITests.release.xcconfig */,
			);
			name = Pods;
			sourceTree = "<group>";
		};
/* End PBXGroup section */

/* Begin PBXNativeTarget section */
		0D8113961F215124008E01A9 /* Anchor */ = {
			isa = PBXNativeTarget;
			buildConfigurationList = 0D8113BF1F215124008E01A9 /* Build configuration list for PBXNativeTarget "Anchor" */;
			buildPhases = (
				A5644D5208FF1B1ED5157CA4 /* [CP] Check Pods Manifest.lock */,
				0D8113931F215124008E01A9 /* Sources */,
				0D8113941F215124008E01A9 /* Frameworks */,
				0D8113951F215124008E01A9 /* Resources */,
				9A9975D89B0F116CBDAEFA92 /* [CP] Embed Pods Frameworks */,
				5225B8897E3F4F98FC0AEFC4 /* [CP] Copy Pods Resources */,
			);
			buildRules = (
			);
			dependencies = (
			);
			name = Anchor;
			productName = Anchor;
			productReference = 0D8113971F215124008E01A9 /* Anchor.app */;
			productType = "com.apple.product-type.application";
		};
		0D8113AA1F215124008E01A9 /* AnchorTests */ = {
			isa = PBXNativeTarget;
			buildConfigurationList = 0D8113C21F215124008E01A9 /* Build configuration list for PBXNativeTarget "AnchorTests" */;
			buildPhases = (
				75756F8B1AC9746DBFFB0E69 /* [CP] Check Pods Manifest.lock */,
				0D8113A71F215124008E01A9 /* Sources */,
				0D8113A81F215124008E01A9 /* Frameworks */,
				0D8113A91F215124008E01A9 /* Resources */,
				2383221EE8D348E46919A9BC /* [CP] Embed Pods Frameworks */,
				1AC292980A61F99A31CE045C /* [CP] Copy Pods Resources */,
			);
			buildRules = (
			);
			dependencies = (
				0D8113AD1F215124008E01A9 /* PBXTargetDependency */,
			);
			name = AnchorTests;
			productName = AnchorTests;
			productReference = 0D8113AB1F215124008E01A9 /* AnchorTests.xctest */;
			productType = "com.apple.product-type.bundle.unit-test";
		};
		0D8113B51F215124008E01A9 /* AnchorUITests */ = {
			isa = PBXNativeTarget;
			buildConfigurationList = 0D8113C51F215124008E01A9 /* Build configuration list for PBXNativeTarget "AnchorUITests" */;
			buildPhases = (
				DC876F0604649B539E304372 /* [CP] Check Pods Manifest.lock */,
				0D8113B21F215124008E01A9 /* Sources */,
				0D8113B31F215124008E01A9 /* Frameworks */,
				0D8113B41F215124008E01A9 /* Resources */,
				A1612FB9668B5D1FEE393558 /* [CP] Embed Pods Frameworks */,
				D21CA4DCC0B1F0B9DA771E9F /* [CP] Copy Pods Resources */,
			);
			buildRules = (
			);
			dependencies = (
				0D8113B81F215124008E01A9 /* PBXTargetDependency */,
			);
			name = AnchorUITests;
			productName = AnchorUITests;
			productReference = 0D8113B61F215124008E01A9 /* AnchorUITests.xctest */;
			productType = "com.apple.product-type.bundle.ui-testing";
		};
/* End PBXNativeTarget section */

/* Begin PBXProject section */
		0D81138F1F215124008E01A9 /* Project object */ = {
			isa = PBXProject;
			attributes = {
				LastSwiftUpdateCheck = 0830;
				LastUpgradeCheck = 0830;
				ORGANIZATIONNAME = "Make School";
				TargetAttributes = {
					0D8113961F215124008E01A9 = {
						CreatedOnToolsVersion = 8.3.3;
						DevelopmentTeam = 2JK55WM6CP;
						ProvisioningStyle = Automatic;
					};
					0D8113AA1F215124008E01A9 = {
						CreatedOnToolsVersion = 8.3.3;
						DevelopmentTeam = 6UAPV32MQA;
						ProvisioningStyle = Automatic;
						TestTargetID = 0D8113961F215124008E01A9;
					};
					0D8113B51F215124008E01A9 = {
						CreatedOnToolsVersion = 8.3.3;
						DevelopmentTeam = 6UAPV32MQA;
						ProvisioningStyle = Automatic;
						TestTargetID = 0D8113961F215124008E01A9;
					};
				};
			};
			buildConfigurationList = 0D8113921F215124008E01A9 /* Build configuration list for PBXProject "Anchor" */;
			compatibilityVersion = "Xcode 3.2";
			developmentRegion = English;
			hasScannedForEncodings = 0;
			knownRegions = (
				en,
				Base,
			);
			mainGroup = 0D81138E1F215124008E01A9;
			productRefGroup = 0D8113981F215124008E01A9 /* Products */;
			projectDirPath = "";
			projectRoot = "";
			targets = (
				0D8113961F215124008E01A9 /* Anchor */,
				0D8113AA1F215124008E01A9 /* AnchorTests */,
				0D8113B51F215124008E01A9 /* AnchorUITests */,
			);
		};
/* End PBXProject section */

/* Begin PBXResourcesBuildPhase section */
		0D8113951F215124008E01A9 /* Resources */ = {
			isa = PBXResourcesBuildPhase;
			buildActionMask = 2147483647;
			files = (
				0DD021291F29534D00920F19 /* Chat.storyboard in Resources */,
				0D8113A51F215124008E01A9 /* LaunchScreen.storyboard in Resources */,
				0DD0211F1F2914D800920F19 /* Login.storyboard in Resources */,
				0D3898B21F27B5DB00F0CDBB /* GoogleService-Info.plist in Resources */,
				0D8113A21F215124008E01A9 /* Assets.xcassets in Resources */,
				0D8113A01F215124008E01A9 /* Main.storyboard in Resources */,
			);
			runOnlyForDeploymentPostprocessing = 0;
		};
		0D8113A91F215124008E01A9 /* Resources */ = {
			isa = PBXResourcesBuildPhase;
			buildActionMask = 2147483647;
			files = (
			);
			runOnlyForDeploymentPostprocessing = 0;
		};
		0D8113B41F215124008E01A9 /* Resources */ = {
			isa = PBXResourcesBuildPhase;
			buildActionMask = 2147483647;
			files = (
			);
			runOnlyForDeploymentPostprocessing = 0;
		};
/* End PBXResourcesBuildPhase section */

/* Begin PBXShellScriptBuildPhase section */
		1AC292980A61F99A31CE045C /* [CP] Copy Pods Resources */ = {
			isa = PBXShellScriptBuildPhase;
			buildActionMask = 2147483647;
			files = (
			);
			inputPaths = (
			);
			name = "[CP] Copy Pods Resources";
			outputPaths = (
			);
			runOnlyForDeploymentPostprocessing = 0;
			shellPath = /bin/sh;
			shellScript = "\"${SRCROOT}/Pods/Target Support Files/Pods-AnchorTests/Pods-AnchorTests-resources.sh\"\n";
			showEnvVarsInLog = 0;
		};
		2383221EE8D348E46919A9BC /* [CP] Embed Pods Frameworks */ = {
			isa = PBXShellScriptBuildPhase;
			buildActionMask = 2147483647;
			files = (
			);
			inputPaths = (
			);
			name = "[CP] Embed Pods Frameworks";
			outputPaths = (
			);
			runOnlyForDeploymentPostprocessing = 0;
			shellPath = /bin/sh;
			shellScript = "\"${SRCROOT}/Pods/Target Support Files/Pods-AnchorTests/Pods-AnchorTests-frameworks.sh\"\n";
			showEnvVarsInLog = 0;
		};
		5225B8897E3F4F98FC0AEFC4 /* [CP] Copy Pods Resources */ = {
			isa = PBXShellScriptBuildPhase;
			buildActionMask = 2147483647;
			files = (
			);
			inputPaths = (
			);
			name = "[CP] Copy Pods Resources";
			outputPaths = (
			);
			runOnlyForDeploymentPostprocessing = 0;
			shellPath = /bin/sh;
			shellScript = "\"${SRCROOT}/Pods/Target Support Files/Pods-Anchor/Pods-Anchor-resources.sh\"\n";
			showEnvVarsInLog = 0;
		};
		75756F8B1AC9746DBFFB0E69 /* [CP] Check Pods Manifest.lock */ = {
			isa = PBXShellScriptBuildPhase;
			buildActionMask = 2147483647;
			files = (
			);
			inputPaths = (
			);
			name = "[CP] Check Pods Manifest.lock";
			outputPaths = (
			);
			runOnlyForDeploymentPostprocessing = 0;
			shellPath = /bin/sh;
			shellScript = "diff \"${PODS_PODFILE_DIR_PATH}/Podfile.lock\" \"${PODS_ROOT}/Manifest.lock\" > /dev/null\nif [ $? != 0 ] ; then\n    # print error to STDERR\n    echo \"error: The sandbox is not in sync with the Podfile.lock. Run 'pod install' or update your CocoaPods installation.\" >&2\n    exit 1\nfi\n";
			showEnvVarsInLog = 0;
		};
		9A9975D89B0F116CBDAEFA92 /* [CP] Embed Pods Frameworks */ = {
			isa = PBXShellScriptBuildPhase;
			buildActionMask = 2147483647;
			files = (
			);
			inputPaths = (
			);
			name = "[CP] Embed Pods Frameworks";
			outputPaths = (
			);
			runOnlyForDeploymentPostprocessing = 0;
			shellPath = /bin/sh;
			shellScript = "\"${SRCROOT}/Pods/Target Support Files/Pods-Anchor/Pods-Anchor-frameworks.sh\"\n";
			showEnvVarsInLog = 0;
		};
		A1612FB9668B5D1FEE393558 /* [CP] Embed Pods Frameworks */ = {
			isa = PBXShellScriptBuildPhase;
			buildActionMask = 2147483647;
			files = (
			);
			inputPaths = (
			);
			name = "[CP] Embed Pods Frameworks";
			outputPaths = (
			);
			runOnlyForDeploymentPostprocessing = 0;
			shellPath = /bin/sh;
			shellScript = "\"${SRCROOT}/Pods/Target Support Files/Pods-AnchorUITests/Pods-AnchorUITests-frameworks.sh\"\n";
			showEnvVarsInLog = 0;
		};
		A5644D5208FF1B1ED5157CA4 /* [CP] Check Pods Manifest.lock */ = {
			isa = PBXShellScriptBuildPhase;
			buildActionMask = 2147483647;
			files = (
			);
			inputPaths = (
			);
			name = "[CP] Check Pods Manifest.lock";
			outputPaths = (
			);
			runOnlyForDeploymentPostprocessing = 0;
			shellPath = /bin/sh;
			shellScript = "diff \"${PODS_PODFILE_DIR_PATH}/Podfile.lock\" \"${PODS_ROOT}/Manifest.lock\" > /dev/null\nif [ $? != 0 ] ; then\n    # print error to STDERR\n    echo \"error: The sandbox is not in sync with the Podfile.lock. Run 'pod install' or update your CocoaPods installation.\" >&2\n    exit 1\nfi\n";
			showEnvVarsInLog = 0;
		};
		D21CA4DCC0B1F0B9DA771E9F /* [CP] Copy Pods Resources */ = {
			isa = PBXShellScriptBuildPhase;
			buildActionMask = 2147483647;
			files = (
			);
			inputPaths = (
			);
			name = "[CP] Copy Pods Resources";
			outputPaths = (
			);
			runOnlyForDeploymentPostprocessing = 0;
			shellPath = /bin/sh;
			shellScript = "\"${SRCROOT}/Pods/Target Support Files/Pods-AnchorUITests/Pods-AnchorUITests-resources.sh\"\n";
			showEnvVarsInLog = 0;
		};
		DC876F0604649B539E304372 /* [CP] Check Pods Manifest.lock */ = {
			isa = PBXShellScriptBuildPhase;
			buildActionMask = 2147483647;
			files = (
			);
			inputPaths = (
			);
			name = "[CP] Check Pods Manifest.lock";
			outputPaths = (
			);
			runOnlyForDeploymentPostprocessing = 0;
			shellPath = /bin/sh;
			shellScript = "diff \"${PODS_PODFILE_DIR_PATH}/Podfile.lock\" \"${PODS_ROOT}/Manifest.lock\" > /dev/null\nif [ $? != 0 ] ; then\n    # print error to STDERR\n    echo \"error: The sandbox is not in sync with the Podfile.lock. Run 'pod install' or update your CocoaPods installation.\" >&2\n    exit 1\nfi\n";
			showEnvVarsInLog = 0;
		};
/* End PBXShellScriptBuildPhase section */

/* Begin PBXSourcesBuildPhase section */
		0D8113931F215124008E01A9 /* Sources */ = {
			isa = PBXSourcesBuildPhase;
			buildActionMask = 2147483647;
			files = (
				0DD021351F2A6C8700920F19 /* FindFriendsCell.swift in Sources */,
				0D3898B61F27DF5100F0CDBB /* User.swift in Sources */,
				0DD0212D1F2959D900920F19 /* NewChatUserCell.swift in Sources */,
				0DD0211D1F2902C400920F19 /* Constants.swift in Sources */,
				0D3898B41F27B71B00F0CDBB /* LoginViewController.swift in Sources */,
				0DB27D7F1F338A2E00440BE9 /* PhotoMessage.swift in Sources */,
				0DA0B1201F38E0C500E0B119 /* Date+ConvertToString.swift in Sources */,
				0DB27D7D1F3383F400440BE9 /* ProfileViewController.swift in Sources */,
				0DD0212B1F29586800920F19 /* NewMessageViewController.swift in Sources */,
				0D3898CA1F2804D400F0CDBB /* ChatListViewController.swift in Sources */,
				0D3898AC1F269B8700F0CDBB /* TranslateToTextViewController.swift in Sources */,
				0D8113CC1F215CDC008E01A9 /* ScannerCamera.swift in Sources */,
				0D3898B01F27ACBA00F0CDBB /* ScannedTextViewController.swift in Sources */,
				0D3898A71F26941900F0CDBB /* QRToTextViewController.swift in Sources */,
				0D3898BA1F27E54200F0CDBB /* CreateUsernameViewController.swift in Sources */,
				0DD308DA1F34B62100BE4474 /* ProfileHeaderCell.swift in Sources */,
				0D81139D1F215124008E01A9 /* ViewController.swift in Sources */,
				0DD021251F29375700920F19 /* Messages.swift in Sources */,
				0DD021311F2A5B6F00920F19 /* FriendService.swift in Sources */,
				0DB27D7B1F32849200440BE9 /* FirebaseHelper.swift in Sources */,
				0DD021331F2A5D5800920F19 /* FindFriendsViewController.swift in Sources */,
				0D7FE5671F3CC7F90021E1BE /* OptionsViewController.swift in Sources */,
				0D3898A21F26666800F0CDBB /* Barcode.swift in Sources */,
				0D38E7A51F30FC28005002D0 /* FriendsViewController.swift in Sources */,
				0D3898AA1F26956200F0CDBB /* MGPhotoHelper.swift in Sources */,
				0D38E7A71F30FCE1005002D0 /* FriendCell.swift in Sources */,
				0D8113D01F22748E008E01A9 /* SafariViewController.swift in Sources */,
				0DD021231F2936F100920F19 /* Chat.swift in Sources */,
				0DD47DEE1F50FA4C00943104 /* ScanTextViewController.swift in Sources */,
				0D3898BF1F27FCC300F0CDBB /* UserService.swift in Sources */,
				0DD0212F1F2A52C300920F19 /* ChatViewController.swift in Sources */,
				0D38989F1F2662F200F0CDBB /* GenerateQRCodeViewController.swift in Sources */,
				0D3898AE1F27A32700F0CDBB /* TextScannerViewController.swift in Sources */,
				0DD0211A1F29012A00920F19 /* Storyboard+Utility.swift in Sources */,
				0D81139B1F215124008E01A9 /* AppDelegate.swift in Sources */,
				0DD021171F28FE1F00920F19 /* ChatListViewCell.swift in Sources */,
				0DD021271F29389300920F19 /* ChatService.swift in Sources */,
			);
			runOnlyForDeploymentPostprocessing = 0;
		};
		0D8113A71F215124008E01A9 /* Sources */ = {
			isa = PBXSourcesBuildPhase;
			buildActionMask = 2147483647;
			files = (
				0D8113B01F215124008E01A9 /* AnchorTests.swift in Sources */,
			);
			runOnlyForDeploymentPostprocessing = 0;
		};
		0D8113B21F215124008E01A9 /* Sources */ = {
			isa = PBXSourcesBuildPhase;
			buildActionMask = 2147483647;
			files = (
				0D8113BB1F215124008E01A9 /* AnchorUITests.swift in Sources */,
			);
			runOnlyForDeploymentPostprocessing = 0;
		};
/* End PBXSourcesBuildPhase section */

/* Begin PBXTargetDependency section */
		0D8113AD1F215124008E01A9 /* PBXTargetDependency */ = {
			isa = PBXTargetDependency;
			target = 0D8113961F215124008E01A9 /* Anchor */;
			targetProxy = 0D8113AC1F215124008E01A9 /* PBXContainerItemProxy */;
		};
		0D8113B81F215124008E01A9 /* PBXTargetDependency */ = {
			isa = PBXTargetDependency;
			target = 0D8113961F215124008E01A9 /* Anchor */;
			targetProxy = 0D8113B71F215124008E01A9 /* PBXContainerItemProxy */;
		};
/* End PBXTargetDependency section */

/* Begin PBXVariantGroup section */
		0D81139E1F215124008E01A9 /* Main.storyboard */ = {
			isa = PBXVariantGroup;
			children = (
				0D81139F1F215124008E01A9 /* Base */,
			);
			name = Main.storyboard;
			sourceTree = "<group>";
		};
		0D8113A31F215124008E01A9 /* LaunchScreen.storyboard */ = {
			isa = PBXVariantGroup;
			children = (
				0D8113A41F215124008E01A9 /* Base */,
			);
			name = LaunchScreen.storyboard;
			sourceTree = "<group>";
		};
/* End PBXVariantGroup section */

/* Begin XCBuildConfiguration section */
		0D8113BD1F215124008E01A9 /* Debug */ = {
			isa = XCBuildConfiguration;
			buildSettings = {
				ALWAYS_SEARCH_USER_PATHS = NO;
				CLANG_ANALYZER_NONNULL = YES;
				CLANG_ANALYZER_NUMBER_OBJECT_CONVERSION = YES_AGGRESSIVE;
				CLANG_CXX_LANGUAGE_STANDARD = "gnu++0x";
				CLANG_CXX_LIBRARY = "libc++";
				CLANG_ENABLE_MODULES = YES;
				CLANG_ENABLE_OBJC_ARC = YES;
				CLANG_WARN_BOOL_CONVERSION = YES;
				CLANG_WARN_CONSTANT_CONVERSION = YES;
				CLANG_WARN_DIRECT_OBJC_ISA_USAGE = YES_ERROR;
				CLANG_WARN_DOCUMENTATION_COMMENTS = YES;
				CLANG_WARN_EMPTY_BODY = YES;
				CLANG_WARN_ENUM_CONVERSION = YES;
				CLANG_WARN_INFINITE_RECURSION = YES;
				CLANG_WARN_INT_CONVERSION = YES;
				CLANG_WARN_OBJC_ROOT_CLASS = YES_ERROR;
				CLANG_WARN_SUSPICIOUS_MOVE = YES;
				CLANG_WARN_UNREACHABLE_CODE = YES;
				CLANG_WARN__DUPLICATE_METHOD_MATCH = YES;
				"CODE_SIGN_IDENTITY[sdk=iphoneos*]" = "iPhone Developer";
				COPY_PHASE_STRIP = NO;
				DEBUG_INFORMATION_FORMAT = dwarf;
				ENABLE_STRICT_OBJC_MSGSEND = YES;
				ENABLE_TESTABILITY = YES;
				GCC_C_LANGUAGE_STANDARD = gnu99;
				GCC_DYNAMIC_NO_PIC = NO;
				GCC_NO_COMMON_BLOCKS = YES;
				GCC_OPTIMIZATION_LEVEL = 0;
				GCC_PREPROCESSOR_DEFINITIONS = (
					"DEBUG=1",
					"$(inherited)",
				);
				GCC_WARN_64_TO_32_BIT_CONVERSION = YES;
				GCC_WARN_ABOUT_RETURN_TYPE = YES_ERROR;
				GCC_WARN_UNDECLARED_SELECTOR = YES;
				GCC_WARN_UNINITIALIZED_AUTOS = YES_AGGRESSIVE;
				GCC_WARN_UNUSED_FUNCTION = YES;
				GCC_WARN_UNUSED_VARIABLE = YES;
				IPHONEOS_DEPLOYMENT_TARGET = 10.3;
				MTL_ENABLE_DEBUG_INFO = YES;
				ONLY_ACTIVE_ARCH = YES;
				SDKROOT = iphoneos;
				SWIFT_ACTIVE_COMPILATION_CONDITIONS = DEBUG;
				SWIFT_OPTIMIZATION_LEVEL = "-Onone";
			};
			name = Debug;
		};
		0D8113BE1F215124008E01A9 /* Release */ = {
			isa = XCBuildConfiguration;
			buildSettings = {
				ALWAYS_SEARCH_USER_PATHS = NO;
				CLANG_ANALYZER_NONNULL = YES;
				CLANG_ANALYZER_NUMBER_OBJECT_CONVERSION = YES_AGGRESSIVE;
				CLANG_CXX_LANGUAGE_STANDARD = "gnu++0x";
				CLANG_CXX_LIBRARY = "libc++";
				CLANG_ENABLE_MODULES = YES;
				CLANG_ENABLE_OBJC_ARC = YES;
				CLANG_WARN_BOOL_CONVERSION = YES;
				CLANG_WARN_CONSTANT_CONVERSION = YES;
				CLANG_WARN_DIRECT_OBJC_ISA_USAGE = YES_ERROR;
				CLANG_WARN_DOCUMENTATION_COMMENTS = YES;
				CLANG_WARN_EMPTY_BODY = YES;
				CLANG_WARN_ENUM_CONVERSION = YES;
				CLANG_WARN_INFINITE_RECURSION = YES;
				CLANG_WARN_INT_CONVERSION = YES;
				CLANG_WARN_OBJC_ROOT_CLASS = YES_ERROR;
				CLANG_WARN_SUSPICIOUS_MOVE = YES;
				CLANG_WARN_UNREACHABLE_CODE = YES;
				CLANG_WARN__DUPLICATE_METHOD_MATCH = YES;
				"CODE_SIGN_IDENTITY[sdk=iphoneos*]" = "iPhone Developer";
				COPY_PHASE_STRIP = NO;
				DEBUG_INFORMATION_FORMAT = "dwarf-with-dsym";
				ENABLE_NS_ASSERTIONS = NO;
				ENABLE_STRICT_OBJC_MSGSEND = YES;
				GCC_C_LANGUAGE_STANDARD = gnu99;
				GCC_NO_COMMON_BLOCKS = YES;
				GCC_WARN_64_TO_32_BIT_CONVERSION = YES;
				GCC_WARN_ABOUT_RETURN_TYPE = YES_ERROR;
				GCC_WARN_UNDECLARED_SELECTOR = YES;
				GCC_WARN_UNINITIALIZED_AUTOS = YES_AGGRESSIVE;
				GCC_WARN_UNUSED_FUNCTION = YES;
				GCC_WARN_UNUSED_VARIABLE = YES;
				IPHONEOS_DEPLOYMENT_TARGET = 10.3;
				MTL_ENABLE_DEBUG_INFO = NO;
				SDKROOT = iphoneos;
				SWIFT_OPTIMIZATION_LEVEL = "-Owholemodule";
				VALIDATE_PRODUCT = YES;
			};
			name = Release;
		};
		0D8113C01F215124008E01A9 /* Debug */ = {
			isa = XCBuildConfiguration;
			baseConfigurationReference = B6C3FE13D0A29120AF095086 /* Pods-Anchor.debug.xcconfig */;
			buildSettings = {
				ASSETCATALOG_COMPILER_APPICON_NAME = AppIcon;
				DEVELOPMENT_TEAM = 2JK55WM6CP;
				INFOPLIST_FILE = Anchor/Info.plist;
				IPHONEOS_DEPLOYMENT_TARGET = 10.3;
				LD_RUNPATH_SEARCH_PATHS = "$(inherited) @executable_path/Frameworks";
				PRODUCT_BUNDLE_IDENTIFIER = com.HelenLuCao05022000.Anchor;
				PRODUCT_NAME = "$(TARGET_NAME)";
				SWIFT_OBJC_BRIDGING_HEADER = "";
				SWIFT_VERSION = 3.0;
				TARGETED_DEVICE_FAMILY = 1;
			};
			name = Debug;
		};
		0D8113C11F215124008E01A9 /* Release */ = {
			isa = XCBuildConfiguration;
			baseConfigurationReference = 3154B53D8B399964B775642B /* Pods-Anchor.release.xcconfig */;
			buildSettings = {
				ASSETCATALOG_COMPILER_APPICON_NAME = AppIcon;
				DEVELOPMENT_TEAM = 2JK55WM6CP;
				INFOPLIST_FILE = Anchor/Info.plist;
				IPHONEOS_DEPLOYMENT_TARGET = 10.3;
				LD_RUNPATH_SEARCH_PATHS = "$(inherited) @executable_path/Frameworks";
				PRODUCT_BUNDLE_IDENTIFIER = com.HelenLuCao05022000.Anchor;
				PRODUCT_NAME = "$(TARGET_NAME)";
				SWIFT_OBJC_BRIDGING_HEADER = "";
				SWIFT_VERSION = 3.0;
				TARGETED_DEVICE_FAMILY = 1;
			};
			name = Release;
		};
		0D8113C31F215124008E01A9 /* Debug */ = {
			isa = XCBuildConfiguration;
			baseConfigurationReference = AE6BD457B41B8B235A81AF27 /* Pods-AnchorTests.debug.xcconfig */;
			buildSettings = {
				ALWAYS_EMBED_SWIFT_STANDARD_LIBRARIES = YES;
				BUNDLE_LOADER = "$(TEST_HOST)";
				DEVELOPMENT_TEAM = 6UAPV32MQA;
				INFOPLIST_FILE = AnchorTests/Info.plist;
				LD_RUNPATH_SEARCH_PATHS = "$(inherited) @executable_path/Frameworks @loader_path/Frameworks";
				PRODUCT_BUNDLE_IDENTIFIER = com.HelenCao.AnchorTests;
				PRODUCT_NAME = "$(TARGET_NAME)";
				SWIFT_VERSION = 3.0;
				TEST_HOST = "$(BUILT_PRODUCTS_DIR)/Anchor.app/Anchor";
			};
			name = Debug;
		};
		0D8113C41F215124008E01A9 /* Release */ = {
			isa = XCBuildConfiguration;
			baseConfigurationReference = 9C1DC73FFE182F76032568D8 /* Pods-AnchorTests.release.xcconfig */;
			buildSettings = {
				ALWAYS_EMBED_SWIFT_STANDARD_LIBRARIES = YES;
				BUNDLE_LOADER = "$(TEST_HOST)";
				DEVELOPMENT_TEAM = 6UAPV32MQA;
				INFOPLIST_FILE = AnchorTests/Info.plist;
				LD_RUNPATH_SEARCH_PATHS = "$(inherited) @executable_path/Frameworks @loader_path/Frameworks";
				PRODUCT_BUNDLE_IDENTIFIER = com.HelenCao.AnchorTests;
				PRODUCT_NAME = "$(TARGET_NAME)";
				SWIFT_VERSION = 3.0;
				TEST_HOST = "$(BUILT_PRODUCTS_DIR)/Anchor.app/Anchor";
			};
			name = Release;
		};
		0D8113C61F215124008E01A9 /* Debug */ = {
			isa = XCBuildConfiguration;
			baseConfigurationReference = 9D6CDFCE94560B593C227048 /* Pods-AnchorUITests.debug.xcconfig */;
			buildSettings = {
				ALWAYS_EMBED_SWIFT_STANDARD_LIBRARIES = YES;
				DEVELOPMENT_TEAM = 6UAPV32MQA;
				INFOPLIST_FILE = AnchorUITests/Info.plist;
				LD_RUNPATH_SEARCH_PATHS = "$(inherited) @executable_path/Frameworks @loader_path/Frameworks";
				PRODUCT_BUNDLE_IDENTIFIER = com.HelenCao.AnchorUITests;
				PRODUCT_NAME = "$(TARGET_NAME)";
				SWIFT_VERSION = 3.0;
				TEST_TARGET_NAME = Anchor;
			};
			name = Debug;
		};
		0D8113C71F215124008E01A9 /* Release */ = {
			isa = XCBuildConfiguration;
			baseConfigurationReference = 20C7D3EB921B519DA278821B /* Pods-AnchorUITests.release.xcconfig */;
			buildSettings = {
				ALWAYS_EMBED_SWIFT_STANDARD_LIBRARIES = YES;
				DEVELOPMENT_TEAM = 6UAPV32MQA;
				INFOPLIST_FILE = AnchorUITests/Info.plist;
				LD_RUNPATH_SEARCH_PATHS = "$(inherited) @executable_path/Frameworks @loader_path/Frameworks";
				PRODUCT_BUNDLE_IDENTIFIER = com.HelenCao.AnchorUITests;
				PRODUCT_NAME = "$(TARGET_NAME)";
				SWIFT_VERSION = 3.0;
				TEST_TARGET_NAME = Anchor;
			};
			name = Release;
		};
/* End XCBuildConfiguration section */

/* Begin XCConfigurationList section */
		0D8113921F215124008E01A9 /* Build configuration list for PBXProject "Anchor" */ = {
			isa = XCConfigurationList;
			buildConfigurations = (
				0D8113BD1F215124008E01A9 /* Debug */,
				0D8113BE1F215124008E01A9 /* Release */,
			);
			defaultConfigurationIsVisible = 0;
			defaultConfigurationName = Release;
		};
		0D8113BF1F215124008E01A9 /* Build configuration list for PBXNativeTarget "Anchor" */ = {
			isa = XCConfigurationList;
			buildConfigurations = (
				0D8113C01F215124008E01A9 /* Debug */,
				0D8113C11F215124008E01A9 /* Release */,
			);
			defaultConfigurationIsVisible = 0;
			defaultConfigurationName = Release;
		};
		0D8113C21F215124008E01A9 /* Build configuration list for PBXNativeTarget "AnchorTests" */ = {
			isa = XCConfigurationList;
			buildConfigurations = (
				0D8113C31F215124008E01A9 /* Debug */,
				0D8113C41F215124008E01A9 /* Release */,
			);
			defaultConfigurationIsVisible = 0;
			defaultConfigurationName = Release;
		};
		0D8113C51F215124008E01A9 /* Build configuration list for PBXNativeTarget "AnchorUITests" */ = {
			isa = XCConfigurationList;
			buildConfigurations = (
				0D8113C61F215124008E01A9 /* Debug */,
				0D8113C71F215124008E01A9 /* Release */,
			);
			defaultConfigurationIsVisible = 0;
			defaultConfigurationName = Release;
		};
/* End XCConfigurationList section */
	};
	rootObject = 0D81138F1F215124008E01A9 /* Project object */;
}
